
Microsoft Visual Studio Solution File, Format Version 12.00
# Visual Studio Version 17
VisualStudioVersion = 17.4.33213.308
MinimumVisualStudioVersion = 10.0.40219.1
Project("{2150E333-8FDC-42A3-9474-1A3956D46DE8}") = "Presentation", "Presentation", "{400DD31A-FB5E-48E1-9587-F9D74C5CD6DE}"
EndProject
Project("{54A90642-561A-4BB1-A94E-469ADEE60C69}") = "WorkQR.Presentation.Vue", "WorkQR.Presentation.Vue\WorkQR.Presentation.Vue.esproj", "{250B68F1-E9D4-41ED-BD3A-E8EC61EC3AE6}"
EndProject
Project("{9A19103F-16F7-4668-BE54-9A1E7A4F7556}") = "WorkQR.Presentation.WebAPI", "WorkQR.Presentation.WebAPI\WorkQR.Presentation.WebAPI.csproj", "{2C48121F-0DB2-407A-804D-A3B167E82A51}"
EndProject
Project("{9A19103F-16F7-4668-BE54-9A1E7A4F7556}") = "WorkQR.Application.Abstraction", "WorkQR.Application.Abstraction\WorkQR.Application.Abstraction.csproj", "{A5F8D458-B6EB-447A-8057-8F8EB786E825}"
EndProject
Project("{2150E333-8FDC-42A3-9474-1A3956D46DE8}") = "Application", "Application", "{FD796735-A31B-43DC-A4D4-B908832BD3BE}"
EndProject
Project("{9A19103F-16F7-4668-BE54-9A1E7A4F7556}") = "WorkQR.Application.Services", "WorkQR.Application.Services\WorkQR.Application.Services.csproj", "{378078BD-E9CC-4BDC-88BC-99BBC7A23CAA}"
EndProject
Project("{2150E333-8FDC-42A3-9474-1A3956D46DE8}") = "Infrastructure", "Infrastructure", "{5964247D-C055-4D2E-BF68-D4CFC195A429}"
EndProject
Project("{9A19103F-16F7-4668-BE54-9A1E7A4F7556}") = "WorkQR.Infrastructure.Abstraction", "WorkQR.Infrastructure.Abstraction\WorkQR.Infrastructure.Abstraction.csproj", "{98919DCE-4A2F-4201-A431-C9F9CB345241}"
EndProject
Project("{9A19103F-16F7-4668-BE54-9A1E7A4F7556}") = "WorkQR.Infrastructure.EntityFramework", "WorkQR.Infrastructure.EntityFramework\WorkQR.Infrastructure.EntityFramework.csproj", "{42A0F50C-460F-426D-9296-2CBF4B4791C7}"
EndProject
Project("{9A19103F-16F7-4668-BE54-9A1E7A4F7556}") = "WorkQR.Infrastructure.Repositories", "WorkQR.Infrastructure.Repositories\WorkQR.Infrastructure.Repositories.csproj", "{4343B514-A12F-4965-9992-6505FF0AEBAD}"
EndProject
Project("{2150E333-8FDC-42A3-9474-1A3956D46DE8}") = "Domain", "Domain", "{7E4BED1C-7843-4FB4-BEE5-B632271F4E31}"
EndProject
Project("{9A19103F-16F7-4668-BE54-9A1E7A4F7556}") = "WorkQR.Domain.Dictionaries", "WorkQR.Domain.Dictionaries\WorkQR.Domain.Dictionaries.csproj", "{8DE25CF1-764E-4A30-86EC-6810BF8A3B2D}"
EndProject
Project("{9A19103F-16F7-4668-BE54-9A1E7A4F7556}") = "WorkQR.Domain.Models", "WorkQR.Domain.Models\WorkQR.Domain.Models.csproj", "{90F2F385-A9EB-4B57-B27C-4023E4F16AB7}"
EndProject
Project("{2150E333-8FDC-42A3-9474-1A3956D46DE8}") = "Tests", "Tests", "{2BFA1E94-3468-4960-96F4-2468A0FDBB00}"
EndProject
Project("{9A19103F-16F7-4668-BE54-9A1E7A4F7556}") = "WorkQR.Tests.xUnit", "WorkQR.Tests.xUnit\WorkQR.Tests.xUnit.csproj", "{86D20EB4-CF02-4855-8C99-200463AE2AF2}"
EndProject
Global
	GlobalSection(SolutionConfigurationPlatforms) = preSolution
		Debug|Any CPU = Debug|Any CPU
		Release|Any CPU = Release|Any CPU
	EndGlobalSection
	GlobalSection(ProjectConfigurationPlatforms) = postSolution
		{250B68F1-E9D4-41ED-BD3A-E8EC61EC3AE6}.Debug|Any CPU.ActiveCfg = Debug|Any CPU
		{250B68F1-E9D4-41ED-BD3A-E8EC61EC3AE6}.Debug|Any CPU.Build.0 = Debug|Any CPU
		{250B68F1-E9D4-41ED-BD3A-E8EC61EC3AE6}.Debug|Any CPU.Deploy.0 = Debug|Any CPU
		{250B68F1-E9D4-41ED-BD3A-E8EC61EC3AE6}.Release|Any CPU.ActiveCfg = Release|Any CPU
		{250B68F1-E9D4-41ED-BD3A-E8EC61EC3AE6}.Release|Any CPU.Build.0 = Release|Any CPU
		{250B68F1-E9D4-41ED-BD3A-E8EC61EC3AE6}.Release|Any CPU.Deploy.0 = Release|Any CPU
		{2C48121F-0DB2-407A-804D-A3B167E82A51}.Debug|Any CPU.ActiveCfg = Debug|Any CPU
		{2C48121F-0DB2-407A-804D-A3B167E82A51}.Debug|Any CPU.Build.0 = Debug|Any CPU
		{2C48121F-0DB2-407A-804D-A3B167E82A51}.Release|Any CPU.ActiveCfg = Release|Any CPU
		{2C48121F-0DB2-407A-804D-A3B167E82A51}.Release|Any CPU.Build.0 = Release|Any CPU
		{A5F8D458-B6EB-447A-8057-8F8EB786E825}.Debug|Any CPU.ActiveCfg = Debug|Any CPU
		{A5F8D458-B6EB-447A-8057-8F8EB786E825}.Debug|Any CPU.Build.0 = Debug|Any CPU
		{A5F8D458-B6EB-447A-8057-8F8EB786E825}.Release|Any CPU.ActiveCfg = Release|Any CPU
		{A5F8D458-B6EB-447A-8057-8F8EB786E825}.Release|Any CPU.Build.0 = Release|Any CPU
		{378078BD-E9CC-4BDC-88BC-99BBC7A23CAA}.Debug|Any CPU.ActiveCfg = Debug|Any CPU
		{378078BD-E9CC-4BDC-88BC-99BBC7A23CAA}.Debug|Any CPU.Build.0 = Debug|Any CPU
		{378078BD-E9CC-4BDC-88BC-99BBC7A23CAA}.Release|Any CPU.ActiveCfg = Release|Any CPU
		{378078BD-E9CC-4BDC-88BC-99BBC7A23CAA}.Release|Any CPU.Build.0 = Release|Any CPU
		{98919DCE-4A2F-4201-A431-C9F9CB345241}.Debug|Any CPU.ActiveCfg = Debug|Any CPU
		{98919DCE-4A2F-4201-A431-C9F9CB345241}.Debug|Any CPU.Build.0 = Debug|Any CPU
		{98919DCE-4A2F-4201-A431-C9F9CB345241}.Release|Any CPU.ActiveCfg = Release|Any CPU
		{98919DCE-4A2F-4201-A431-C9F9CB345241}.Release|Any CPU.Build.0 = Release|Any CPU
		{42A0F50C-460F-426D-9296-2CBF4B4791C7}.Debug|Any CPU.ActiveCfg = Debug|Any CPU
		{42A0F50C-460F-426D-9296-2CBF4B4791C7}.Debug|Any CPU.Build.0 = Debug|Any CPU
		{42A0F50C-460F-426D-9296-2CBF4B4791C7}.Release|Any CPU.ActiveCfg = Release|Any CPU
		{42A0F50C-460F-426D-9296-2CBF4B4791C7}.Release|Any CPU.Build.0 = Release|Any CPU
		{4343B514-A12F-4965-9992-6505FF0AEBAD}.Debug|Any CPU.ActiveCfg = Debug|Any CPU
		{4343B514-A12F-4965-9992-6505FF0AEBAD}.Debug|Any CPU.Build.0 = Debug|Any CPU
		{4343B514-A12F-4965-9992-6505FF0AEBAD}.Release|Any CPU.ActiveCfg = Release|Any CPU
		{4343B514-A12F-4965-9992-6505FF0AEBAD}.Release|Any CPU.Build.0 = Release|Any CPU
		{8DE25CF1-764E-4A30-86EC-6810BF8A3B2D}.Debug|Any CPU.ActiveCfg = Debug|Any CPU
		{8DE25CF1-764E-4A30-86EC-6810BF8A3B2D}.Debug|Any CPU.Build.0 = Debug|Any CPU
		{8DE25CF1-764E-4A30-86EC-6810BF8A3B2D}.Release|Any CPU.ActiveCfg = Release|Any CPU
		{8DE25CF1-764E-4A30-86EC-6810BF8A3B2D}.Release|Any CPU.Build.0 = Release|Any CPU
		{90F2F385-A9EB-4B57-B27C-4023E4F16AB7}.Debug|Any CPU.ActiveCfg = Debug|Any CPU
		{90F2F385-A9EB-4B57-B27C-4023E4F16AB7}.Debug|Any CPU.Build.0 = Debug|Any CPU
		{90F2F385-A9EB-4B57-B27C-4023E4F16AB7}.Release|Any CPU.ActiveCfg = Release|Any CPU
		{90F2F385-A9EB-4B57-B27C-4023E4F16AB7}.Release|Any CPU.Build.0 = Release|Any CPU
		{86D20EB4-CF02-4855-8C99-200463AE2AF2}.Debug|Any CPU.ActiveCfg = Debug|Any CPU
		{86D20EB4-CF02-4855-8C99-200463AE2AF2}.Debug|Any CPU.Build.0 = Debug|Any CPU
		{86D20EB4-CF02-4855-8C99-200463AE2AF2}.Release|Any CPU.ActiveCfg = Release|Any CPU
		{86D20EB4-CF02-4855-8C99-200463AE2AF2}.Release|Any CPU.Build.0 = Release|Any CPU
	EndGlobalSection
	GlobalSection(SolutionProperties) = preSolution
		HideSolutionNode = FALSE
	EndGlobalSection
	GlobalSection(NestedProjects) = preSolution
		{250B68F1-E9D4-41ED-BD3A-E8EC61EC3AE6} = {400DD31A-FB5E-48E1-9587-F9D74C5CD6DE}
		{2C48121F-0DB2-407A-804D-A3B167E82A51} = {400DD31A-FB5E-48E1-9587-F9D74C5CD6DE}
		{A5F8D458-B6EB-447A-8057-8F8EB786E825} = {FD796735-A31B-43DC-A4D4-B908832BD3BE}
		{378078BD-E9CC-4BDC-88BC-99BBC7A23CAA} = {FD796735-A31B-43DC-A4D4-B908832BD3BE}
		{98919DCE-4A2F-4201-A431-C9F9CB345241} = {5964247D-C055-4D2E-BF68-D4CFC195A429}
		{42A0F50C-460F-426D-9296-2CBF4B4791C7} = {5964247D-C055-4D2E-BF68-D4CFC195A429}
		{4343B514-A12F-4965-9992-6505FF0AEBAD} = {5964247D-C055-4D2E-BF68-D4CFC195A429}
		{8DE25CF1-764E-4A30-86EC-6810BF8A3B2D} = {7E4BED1C-7843-4FB4-BEE5-B632271F4E31}
		{90F2F385-A9EB-4B57-B27C-4023E4F16AB7} = {7E4BED1C-7843-4FB4-BEE5-B632271F4E31}
		{86D20EB4-CF02-4855-8C99-200463AE2AF2} = {2BFA1E94-3468-4960-96F4-2468A0FDBB00}
	EndGlobalSection
	GlobalSection(ExtensibilityGlobals) = postSolution
		SolutionGuid = {4416B773-87D1-4F69-A31A-28F57C3A7AF2}
	EndGlobalSection
EndGlobal
